
Microsoft Visual Studio Solution File, Format Version 12.00
# Visual Studio Version 17
VisualStudioVersion = 17.3.32901.215
MinimumVisualStudioVersion = 10.0.40219.1
Project("{FAE04EC0-301F-11D3-BF4B-00C04F79EFBC}") = "FirstStepsInCodding-22.04.23", "FirstStepsInCodding-22.04.23\FirstStepsInCodding-22.04.23.csproj", "{76BD8D00-AF0E-4F0D-8B81-24052C3FC3DE}"
EndProject
Global
	GlobalSection(SolutionConfigurationPlatforms) = preSolution
		Debug|Any CPU = Debug|Any CPU
		Release|Any CPU = Release|Any CPU
	EndGlobalSection
	GlobalSection(ProjectConfigurationPlatforms) = postSolution
		{76BD8D00-AF0E-4F0D-8B81-24052C3FC3DE}.Debug|Any CPU.ActiveCfg = Debug|Any CPU
		{76BD8D00-AF0E-4F0D-8B81-24052C3FC3DE}.Debug|Any CPU.Build.0 = Debug|Any CPU
		{76BD8D00-AF0E-4F0D-8B81-24052C3FC3DE}.Release|Any CPU.ActiveCfg = Release|Any CPU
		{76BD8D00-AF0E-4F0D-8B81-24052C3FC3DE}.Release|Any CPU.Build.0 = Release|Any CPU
	EndGlobalSection
	GlobalSection(SolutionProperties) = preSolution
		HideSolutionNode = FALSE
	EndGlobalSection
	GlobalSection(ExtensibilityGlobals) = postSolution
		SolutionGuid = {FB4C8ADA-1CB8-4705-8DC6-F7C33B8ADEFD}
	EndGlobalSection
EndGlobal
